
Microsoft Visual Studio Solution File, Format Version 12.00
# Visual Studio 14
VisualStudioVersion = 14.0.25420.1
MinimumVisualStudioVersion = 10.0.40219.1
Project("{FAE04EC0-301F-11D3-BF4B-00C04F79EFBC}") = "ReverseStrings", "ReverseStrings\ReverseStrings.csproj", "{1E8BC8E0-D097-44AE-92FA-CC073371AA10}"
EndProject
Project("{FAE04EC0-301F-11D3-BF4B-00C04F79EFBC}") = "BasicStackOperations", "BasicStackOperations\BasicStackOperations.csproj", "{37D11C09-8E8F-4BEE-B599-872AD0737298}"
EndProject
Project("{FAE04EC0-301F-11D3-BF4B-00C04F79EFBC}") = "MaximumElement", "MaximumElement\MaximumElement.csproj", "{5BBA1D25-AED5-45CC-A4CC-7D90DDF55F5F}"
EndProject
Project("{FAE04EC0-301F-11D3-BF4B-00C04F79EFBC}") = "BasicQueueOpeartions", "BasicQueueOpeartions\BasicQueueOpeartions.csproj", "{EBB7EAAE-05B1-437F-89D7-F4122F1F51C2}"
EndProject
Project("{FAE04EC0-301F-11D3-BF4B-00C04F79EFBC}") = "SequenceWithQueue", "SequenceWithQueue\SequenceWithQueue.csproj", "{30A22722-6FB8-49E1-A6DD-1630434D9C53}"
EndProject
Project("{FAE04EC0-301F-11D3-BF4B-00C04F79EFBC}") = "TruckTour", "TruckTour\TruckTour.csproj", "{44616AB2-9EB3-43F0-AED8-E67FD6F24277}"
EndProject
Project("{FAE04EC0-301F-11D3-BF4B-00C04F79EFBC}") = "Balanced_Parentheses", "Balanced_Parentheses\Balanced_Parentheses.csproj", "{03DA2E2C-4CF9-4756-8219-7D3D709A5216}"
EndProject
Project("{FAE04EC0-301F-11D3-BF4B-00C04F79EFBC}") = "RecursiveFibonacci", "RecursiveFibonacci\RecursiveFibonacci.csproj", "{8CBE5937-288B-48A8-BB30-28C99F33F24C}"
EndProject
Project("{FAE04EC0-301F-11D3-BF4B-00C04F79EFBC}") = "StackFibonacci", "StackFibonacci\StackFibonacci.csproj", "{EE6B0915-DDF8-4B3B-A8CD-4CB1B752CFA7}"
EndProject
Project("{FAE04EC0-301F-11D3-BF4B-00C04F79EFBC}") = "SimpleTextEditor", "SimpleTextEditor\SimpleTextEditor.csproj", "{B0681D5C-8A4B-4438-817A-031320D10712}"
EndProject
Project("{FAE04EC0-301F-11D3-BF4B-00C04F79EFBC}") = "PoisonousPlants", "PoisonousPlants\PoisonousPlants.csproj", "{26C94669-131A-4704-A7DF-BD6E5AF4858C}"
EndProject
Global
	GlobalSection(SolutionConfigurationPlatforms) = preSolution
		Debug|Any CPU = Debug|Any CPU
		Release|Any CPU = Release|Any CPU
	EndGlobalSection
	GlobalSection(ProjectConfigurationPlatforms) = postSolution
		{1E8BC8E0-D097-44AE-92FA-CC073371AA10}.Debug|Any CPU.ActiveCfg = Debug|Any CPU
		{1E8BC8E0-D097-44AE-92FA-CC073371AA10}.Debug|Any CPU.Build.0 = Debug|Any CPU
		{1E8BC8E0-D097-44AE-92FA-CC073371AA10}.Release|Any CPU.ActiveCfg = Release|Any CPU
		{1E8BC8E0-D097-44AE-92FA-CC073371AA10}.Release|Any CPU.Build.0 = Release|Any CPU
		{37D11C09-8E8F-4BEE-B599-872AD0737298}.Debug|Any CPU.ActiveCfg = Debug|Any CPU
		{37D11C09-8E8F-4BEE-B599-872AD0737298}.Debug|Any CPU.Build.0 = Debug|Any CPU
		{37D11C09-8E8F-4BEE-B599-872AD0737298}.Release|Any CPU.ActiveCfg = Release|Any CPU
		{37D11C09-8E8F-4BEE-B599-872AD0737298}.Release|Any CPU.Build.0 = Release|Any CPU
		{5BBA1D25-AED5-45CC-A4CC-7D90DDF55F5F}.Debug|Any CPU.ActiveCfg = Debug|Any CPU
		{5BBA1D25-AED5-45CC-A4CC-7D90DDF55F5F}.Debug|Any CPU.Build.0 = Debug|Any CPU
		{5BBA1D25-AED5-45CC-A4CC-7D90DDF55F5F}.Release|Any CPU.ActiveCfg = Release|Any CPU
		{5BBA1D25-AED5-45CC-A4CC-7D90DDF55F5F}.Release|Any CPU.Build.0 = Release|Any CPU
		{EBB7EAAE-05B1-437F-89D7-F4122F1F51C2}.Debug|Any CPU.ActiveCfg = Debug|Any CPU
		{EBB7EAAE-05B1-437F-89D7-F4122F1F51C2}.Debug|Any CPU.Build.0 = Debug|Any CPU
		{EBB7EAAE-05B1-437F-89D7-F4122F1F51C2}.Release|Any CPU.ActiveCfg = Release|Any CPU
		{EBB7EAAE-05B1-437F-89D7-F4122F1F51C2}.Release|Any CPU.Build.0 = Release|Any CPU
		{30A22722-6FB8-49E1-A6DD-1630434D9C53}.Debug|Any CPU.ActiveCfg = Debug|Any CPU
		{30A22722-6FB8-49E1-A6DD-1630434D9C53}.Debug|Any CPU.Build.0 = Debug|Any CPU
		{30A22722-6FB8-49E1-A6DD-1630434D9C53}.Release|Any CPU.ActiveCfg = Release|Any CPU
		{30A22722-6FB8-49E1-A6DD-1630434D9C53}.Release|Any CPU.Build.0 = Release|Any CPU
		{44616AB2-9EB3-43F0-AED8-E67FD6F24277}.Debug|Any CPU.ActiveCfg = Debug|Any CPU
		{44616AB2-9EB3-43F0-AED8-E67FD6F24277}.Debug|Any CPU.Build.0 = Debug|Any CPU
		{44616AB2-9EB3-43F0-AED8-E67FD6F24277}.Release|Any CPU.ActiveCfg = Release|Any CPU
		{44616AB2-9EB3-43F0-AED8-E67FD6F24277}.Release|Any CPU.Build.0 = Release|Any CPU
		{03DA2E2C-4CF9-4756-8219-7D3D709A5216}.Debug|Any CPU.ActiveCfg = Debug|Any CPU
		{03DA2E2C-4CF9-4756-8219-7D3D709A5216}.Debug|Any CPU.Build.0 = Debug|Any CPU
		{03DA2E2C-4CF9-4756-8219-7D3D709A5216}.Release|Any CPU.ActiveCfg = Release|Any CPU
		{03DA2E2C-4CF9-4756-8219-7D3D709A5216}.Release|Any CPU.Build.0 = Release|Any CPU
		{8CBE5937-288B-48A8-BB30-28C99F33F24C}.Debug|Any CPU.ActiveCfg = Debug|Any CPU
		{8CBE5937-288B-48A8-BB30-28C99F33F24C}.Debug|Any CPU.Build.0 = Debug|Any CPU
		{8CBE5937-288B-48A8-BB30-28C99F33F24C}.Release|Any CPU.ActiveCfg = Release|Any CPU
		{8CBE5937-288B-48A8-BB30-28C99F33F24C}.Release|Any CPU.Build.0 = Release|Any CPU
		{EE6B0915-DDF8-4B3B-A8CD-4CB1B752CFA7}.Debug|Any CPU.ActiveCfg = Debug|Any CPU
		{EE6B0915-DDF8-4B3B-A8CD-4CB1B752CFA7}.Debug|Any CPU.Build.0 = Debug|Any CPU
		{EE6B0915-DDF8-4B3B-A8CD-4CB1B752CFA7}.Release|Any CPU.ActiveCfg = Release|Any CPU
		{EE6B0915-DDF8-4B3B-A8CD-4CB1B752CFA7}.Release|Any CPU.Build.0 = Release|Any CPU
		{B0681D5C-8A4B-4438-817A-031320D10712}.Debug|Any CPU.ActiveCfg = Debug|Any CPU
		{B0681D5C-8A4B-4438-817A-031320D10712}.Debug|Any CPU.Build.0 = Debug|Any CPU
		{B0681D5C-8A4B-4438-817A-031320D10712}.Release|Any CPU.ActiveCfg = Release|Any CPU
		{B0681D5C-8A4B-4438-817A-031320D10712}.Release|Any CPU.Build.0 = Release|Any CPU
		{26C94669-131A-4704-A7DF-BD6E5AF4858C}.Debug|Any CPU.ActiveCfg = Debug|Any CPU
		{26C94669-131A-4704-A7DF-BD6E5AF4858C}.Debug|Any CPU.Build.0 = Debug|Any CPU
		{26C94669-131A-4704-A7DF-BD6E5AF4858C}.Release|Any CPU.ActiveCfg = Release|Any CPU
		{26C94669-131A-4704-A7DF-BD6E5AF4858C}.Release|Any CPU.Build.0 = Release|Any CPU
	EndGlobalSection
	GlobalSection(SolutionProperties) = preSolution
		HideSolutionNode = FALSE
	EndGlobalSection
EndGlobal
